// !$*UTF8*$!
{
	archiveVersion = 1;
	classes = {
	};
	objectVersion = 46;
	objects = {

/* Begin PBXBuildFile section */
		84306A3E1E0BDF040080B8EA /* AppDelegate.swift in Sources */ = {isa = PBXBuildFile; fileRef = 84306A3D1E0BDF040080B8EA /* AppDelegate.swift */; };
		84306A401E0BDF040080B8EA /* ViewController.swift in Sources */ = {isa = PBXBuildFile; fileRef = 84306A3F1E0BDF040080B8EA /* ViewController.swift */; };
		84306A431E0BDF040080B8EA /* Main.storyboard in Resources */ = {isa = PBXBuildFile; fileRef = 84306A411E0BDF040080B8EA /* Main.storyboard */; };
		84306A451E0BDF040080B8EA /* Assets.xcassets in Resources */ = {isa = PBXBuildFile; fileRef = 84306A441E0BDF040080B8EA /* Assets.xcassets */; };
		84306A481E0BDF050080B8EA /* LaunchScreen.storyboard in Resources */ = {isa = PBXBuildFile; fileRef = 84306A461E0BDF050080B8EA /* LaunchScreen.storyboard */; };
/* End PBXBuildFile section */

/* Begin PBXFileReference section */
		84306A3A1E0BDF040080B8EA /* map-bookmark.app */ = {isa = PBXFileReference; explicitFileType = wrapper.application; includeInIndex = 0; path = "map-bookmark.app"; sourceTree = BUILT_PRODUCTS_DIR; };
		84306A3D1E0BDF040080B8EA /* AppDelegate.swift */ = {isa = PBXFileReference; lastKnownFileType = sourcecode.swift; path = AppDelegate.swift; sourceTree = "<group>"; };
		84306A3F1E0BDF040080B8EA /* ViewController.swift */ = {isa = PBXFileReference; lastKnownFileType = sourcecode.swift; path = ViewController.swift; sourceTree = "<group>"; };
		84306A421E0BDF040080B8EA /* Base */ = {isa = PBXFileReference; lastKnownFileType = file.storyboard; name = Base; path = Base.lproj/Main.storyboard; sourceTree = "<group>"; };
		84306A441E0BDF040080B8EA /* Assets.xcassets */ = {isa = PBXFileReference; lastKnownFileType = folder.assetcatalog; path = Assets.xcassets; sourceTree = "<group>"; };
		84306A471E0BDF050080B8EA /* Base */ = {isa = PBXFileReference; lastKnownFileType = file.storyboard; name = Base; path = Base.lproj/LaunchScreen.storyboard; sourceTree = "<group>"; };
		84306A491E0BDF050080B8EA /* Info.plist */ = {isa = PBXFileReference; lastKnownFileType = text.plist.xml; path = Info.plist; sourceTree = "<group>"; };
/* End PBXFileReference section */

/* Begin PBXFrameworksBuildPhase section */
		84306A371E0BDF040080B8EA /* Frameworks */ = {
			isa = PBXFrameworksBuildPhase;
			buildActionMask = 2147483647;
			files = (
			);
			runOnlyForDeploymentPostprocessing = 0;
		};
/* End PBXFrameworksBuildPhase section */

/* Begin PBXGroup section */
		84306A311E0BDF040080B8EA = {
			isa = PBXGroup;
			children = (
				84306A3C1E0BDF040080B8EA /* map-bookmark */,
				84306A3B1E0BDF040080B8EA /* Products */,
			);
			sourceTree = "<group>";
		};
		84306A3B1E0BDF040080B8EA /* Products */ = {
			isa = PBXGroup;
			children = (
				84306A3A1E0BDF040080B8EA /* map-bookmark.app */,
			);
			name = Products;
			sourceTree = "<group>";
		};
		84306A3C1E0BDF040080B8EA /* map-bookmark */ = {
			isa = PBXGroup;
			children = (
				84306A3D1E0BDF040080B8EA /* AppDelegate.swift */,
				84306A3F1E0BDF040080B8EA /* ViewController.swift */,
				84306A411E0BDF040080B8EA /* Main.storyboard */,
				84306A441E0BDF040080B8EA /* Assets.xcassets */,
				84306A461E0BDF050080B8EA /* LaunchScreen.storyboard */,
				84306A491E0BDF050080B8EA /* Info.plist */,
			);
			path = "map-bookmark";
			sourceTree = "<group>";
		};
/* End PBXGroup section */

/* Begin PBXNativeTarget section */
		84306A391E0BDF040080B8EA /* map-bookmark */ = {
			isa = PBXNativeTarget;
			buildConfigurationList = 84306A4C1E0BDF050080B8EA /* Build configuration list for PBXNativeTarget "map-bookmark" */;
			buildPhases = (
				84306A361E0BDF040080B8EA /* Sources */,
				84306A371E0BDF040080B8EA /* Frameworks */,
				84306A381E0BDF040080B8EA /* Resources */,
			);
			buildRules = (
			);
			dependencies = (
			);
			name = "map-bookmark";
			productName = "map-bookmark";
			productReference = 84306A3A1E0BDF040080B8EA /* map-bookmark.app */;
			productType = "com.apple.product-type.application";
		};
/* End PBXNativeTarget section */

/* Begin PBXProject section */
		84306A321E0BDF040080B8EA /* Project object */ = {
			isa = PBXProject;
			attributes = {
				LastSwiftUpdateCheck = 0820;
				LastUpgradeCheck = 0820;
				ORGANIZATIONNAME = rizer;
				TargetAttributes = {
					84306A391E0BDF040080B8EA = {
						CreatedOnToolsVersion = 8.2.1;
						ProvisioningStyle = Automatic;
					};
				};
			};
			buildConfigurationList = 84306A351E0BDF040080B8EA /* Build configuration list for PBXProject "map-bookmark" */;
			compatibilityVersion = "Xcode 3.2";
			developmentRegion = English;
			hasScannedForEncodings = 0;
			knownRegions = (
				en,
				Base,
			);
			mainGroup = 84306A311E0BDF040080B8EA;
			productRefGroup = 84306A3B1E0BDF040080B8EA /* Products */;
			projectDirPath = "";
			projectRoot = "";
			targets = (
				84306A391E0BDF040080B8EA /* map-bookmark */,
			);
		};
/* End PBXProject section */

/* Begin PBXResourcesBuildPhase section */
		84306A381E0BDF040080B8EA /* Resources */ = {
			isa = PBXResourcesBuildPhase;
			buildActionMask = 2147483647;
			files = (
				84306A481E0BDF050080B8EA /* LaunchScreen.storyboard in Resources */,
				84306A451E0BDF040080B8EA /* Assets.xcassets in Resources */,
				84306A431E0BDF040080B8EA /* Main.storyboard in Resources */,
			);
			runOnlyForDeploymentPostprocessing = 0;
		};
/* End PBXResourcesBuildPhase section */

/* Begin PBXSourcesBuildPhase section */
		84306A361E0BDF040080B8EA /* Sources */ = {
			isa = PBXSourcesBuildPhase;
			buildActionMask = 2147483647;
			files = (
				84306A401E0BDF040080B8EA /* ViewController.swift in Sources */,
				84306A3E1E0BDF040080B8EA /* AppDelegate.swift in Sources */,
			);
			runOnlyForDeploymentPostprocessing = 0;
		};
/* End PBXSourcesBuildPhase section */

/* Begin PBXVariantGroup section */
		84306A411E0BDF040080B8EA /* Main.storyboard */ = {
			isa = PBXVariantGroup;
			children = (
				84306A421E0BDF040080B8EA /* Base */,
			);
			name = Main.storyboard;
			sourceTree = "<group>";
		};
		84306A461E0BDF050080B8EA /* LaunchScreen.storyboard */ = {
			isa = PBXVariantGroup;
			children = (
				84306A471E0BDF050080B8EA /* Base */,
			);
			name = LaunchScreen.storyboard;
			sourceTree = "<group>";
		};
/* End PBXVariantGroup section */

/* Begin XCBuildConfiguration section */
		84306A4A1E0BDF050080B8EA /* Debug */ = {
			isa = XCBuildConfiguration;
			buildSettings = {
				ALWAYS_SEARCH_USER_PATHS = NO;
				CLANG_ANALYZER_NONNULL = YES;
				CLANG_CXX_LANGUAGE_STANDARD = "gnu++0x";
				CLANG_CXX_LIBRARY = "libc++";
				CLANG_ENABLE_MODULES = YES;
				CLANG_ENABLE_OBJC_ARC = YES;
				CLANG_WARN_BOOL_CONVERSION = YES;
				CLANG_WARN_CONSTANT_CONVERSION = YES;
				CLANG_WARN_DIRECT_OBJC_ISA_USAGE = YES_ERROR;
				CLANG_WARN_DOCUMENTATION_COMMENTS = YES;
				CLANG_WARN_EMPTY_BODY = YES;
				CLANG_WARN_ENUM_CONVERSION = YES;
				CLANG_WARN_INFINITE_RECURSION = YES;
				CLANG_WARN_INT_CONVERSION = YES;
				CLANG_WARN_OBJC_ROOT_CLASS = YES_ERROR;
				CLANG_WARN_SUSPICIOUS_MOVE = YES;
				CLANG_WARN_UNREACHABLE_CODE = YES;
				CLANG_WARN__DUPLICATE_METHOD_MATCH = YES;
				"CODE_SIGN_IDENTITY[sdk=iphoneos*]" = "iPhone Developer";
				COPY_PHASE_STRIP = NO;
				DEBUG_INFORMATION_FORMAT = dwarf;
				ENABLE_STRICT_OBJC_MSGSEND = YES;
				ENABLE_TESTABILITY = YES;
				GCC_C_LANGUAGE_STANDARD = gnu99;
				GCC_DYNAMIC_NO_PIC = NO;
				GCC_NO_COMMON_BLOCKS = YES;
				GCC_OPTIMIZATION_LEVEL = 0;
				GCC_PREPROCESSOR_DEFINITIONS = (
					"DEBUG=1",
					"$(inherited)",
				);
				GCC_WARN_64_TO_32_BIT_CONVERSION = YES;
				GCC_WARN_ABOUT_RETURN_TYPE = YES_ERROR;
				GCC_WARN_UNDECLARED_SELECTOR = YES;
				GCC_WARN_UNINITIALIZED_AUTOS = YES_AGGRESSIVE;
				GCC_WARN_UNUSED_FUNCTION = YES;
				GCC_WARN_UNUSED_VARIABLE = YES;
				IPHONEOS_DEPLOYMENT_TARGET = 10.2;
				MTL_ENABLE_DEBUG_INFO = YES;
				ONLY_ACTIVE_ARCH = YES;
				SDKROOT = iphoneos;
				SWIFT_ACTIVE_COMPILATION_CONDITIONS = DEBUG;
				SWIFT_OPTIMIZATION_LEVEL = "-Onone";
				TARGETED_DEVICE_FAMILY = "1,2";
			};
			name = Debug;
		};
		84306A4B1E0BDF050080B8EA /* Release */ = {
			isa = XCBuildConfiguration;
			buildSettings = {
				ALWAYS_SEARCH_USER_PATHS = NO;
				CLANG_ANALYZER_NONNULL = YES;
				CLANG_CXX_LANGUAGE_STANDARD = "gnu++0x";
				CLANG_CXX_LIBRARY = "libc++";
				CLANG_ENABLE_MODULES = YES;
				CLANG_ENABLE_OBJC_ARC = YES;
				CLANG_WARN_BOOL_CONVERSION = YES;
				CLANG_WARN_CONSTANT_CONVERSION = YES;
				CLANG_WARN_DIRECT_OBJC_ISA_USAGE = YES_ERROR;
				CLANG_WARN_DOCUMENTATION_COMMENTS = YES;
				CLANG_WARN_EMPTY_BODY = YES;
				CLANG_WARN_ENUM_CONVERSION = YES;
				CLANG_WARN_INFINITE_RECURSION = YES;
				CLANG_WARN_INT_CONVERSION = YES;
				CLANG_WARN_OBJC_ROOT_CLASS = YES_ERROR;
				CLANG_WARN_SUSPICIOUS_MOVE = YES;
				CLANG_WARN_UNREACHABLE_CODE = YES;
				CLANG_WARN__DUPLICATE_METHOD_MATCH = YES;
				"CODE_SIGN_IDENTITY[sdk=iphoneos*]" = "iPhone Developer";
				COPY_PHASE_STRIP = NO;
				DEBUG_INFORMATION_FORMAT = "dwarf-with-dsym";
				ENABLE_NS_ASSERTIONS = NO;
				ENABLE_STRICT_OBJC_MSGSEND = YES;
				GCC_C_LANGUAGE_STANDARD = gnu99;
				GCC_NO_COMMON_BLOCKS = YES;
				GCC_WARN_64_TO_32_BIT_CONVERSION = YES;
				GCC_WARN_ABOUT_RETURN_TYPE = YES_ERROR;
				GCC_WARN_UNDECLARED_SELECTOR = YES;
				GCC_WARN_UNINITIALIZED_AUTOS = YES_AGGRESSIVE;
				GCC_WARN_UNUSED_FUNCTION = YES;
				GCC_WARN_UNUSED_VARIABLE = YES;
				IPHONEOS_DEPLOYMENT_TARGET = 10.2;
				MTL_ENABLE_DEBUG_INFO = NO;
				SDKROOT = iphoneos;
				SWIFT_OPTIMIZATION_LEVEL = "-Owholemodule";
				TARGETED_DEVICE_FAMILY = "1,2";
				VALIDATE_PRODUCT = YES;
			};
			name = Release;
		};
		84306A4D1E0BDF050080B8EA /* Debug */ = {
			isa = XCBuildConfiguration;
			buildSettings = {
				ASSETCATALOG_COMPILER_APPICON_NAME = AppIcon;
				INFOPLIST_FILE = "map-bookmark/Info.plist";
				LD_RUNPATH_SEARCH_PATHS = "$(inherited) @executable_path/Frameworks";
				PRODUCT_BUNDLE_IDENTIFIER = "com.rizer.map-bookmark";
				PRODUCT_NAME = "$(TARGET_NAME)";
				SWIFT_VERSION = 3.0;
			};
			name = Debug;
		};
		84306A4E1E0BDF050080B8EA /* Release */ = {
			isa = XCBuildConfiguration;
			buildSettings = {
				ASSETCATALOG_COMPILER_APPICON_NAME = AppIcon;
				INFOPLIST_FILE = "map-bookmark/Info.plist";
				LD_RUNPATH_SEARCH_PATHS = "$(inherited) @executable_path/Frameworks";
				PRODUCT_BUNDLE_IDENTIFIER = "com.rizer.map-bookmark";
				PRODUCT_NAME = "$(TARGET_NAME)";
				SWIFT_VERSION = 3.0;
			};
			name = Release;
		};
/* End XCBuildConfiguration section */

/* Begin XCConfigurationList section */
		84306A351E0BDF040080B8EA /* Build configuration list for PBXProject "map-bookmark" */ = {
			isa = XCConfigurationList;
			buildConfigurations = (
				84306A4A1E0BDF050080B8EA /* Debug */,
				84306A4B1E0BDF050080B8EA /* Release */,
			);
			defaultConfigurationIsVisible = 0;
			defaultConfigurationName = Release;
		};
		84306A4C1E0BDF050080B8EA /* Build configuration list for PBXNativeTarget "map-bookmark" */ = {
			isa = XCConfigurationList;
			buildConfigurations = (
				84306A4D1E0BDF050080B8EA /* Debug */,
				84306A4E1E0BDF050080B8EA /* Release */,
			);
			defaultConfigurationIsVisible = 0;
		};
/* End XCConfigurationList section */
	};
	rootObject = 84306A321E0BDF040080B8EA /* Project object */;
}
